{
  "version": 1,
  "dependencies": {
    "net10.0": {
      "Unfucked": {
        "type": "Direct",
        "requested": "[0.0.1-beta.35, )",
        "resolved": "0.0.1-beta.35",
        "contentHash": "nCHnvOKfQxgL+b1ljO6haFK0+7+h9a3T/KXWISnY6RY9r0/E7mUea5WKfPW+ucPea8Y+ZW3TVpUm2WuGEEyBQQ=="
      },
      "UnionTypes": {
        "type": "Direct",
        "requested": "[1.1.0, )",
        "resolved": "1.1.0",
        "contentHash": "9OEQYxKvKfGAKKRZ6BtuOPE5cD/QKHXmmUY+jyk/i3mUbGpLOW6HBkKLa1tS+Ut3hc3QYzchAlSNWVmGYni+wg=="
      }
    },
    "net10.0/linux-arm": {},
    "net10.0/linux-arm64": {},
    "net10.0/linux-x64": {},
    "net10.0/win-arm64": {},
    "net10.0/win-x64": {}
  }
}