{
  "version": 1,
  "dependencies": {
    "net10.0": {
      "Unfucked": {
        "type": "Direct",
        "requested": "[0.0.1-beta.31, )",
        "resolved": "0.0.1-beta.31",
        "contentHash": "9+AWHhH2Bv6ZE8DY2Mt09tvX8nJfqolrGV/J+5x5zDOHqqX7iudNjiLnC6wguUnv26w5WL6HM+JU2jR7oABazw=="
      },
      "UnionTypes": {
        "type": "Direct",
        "requested": "[1.1.0, )",
        "resolved": "1.1.0",
        "contentHash": "9OEQYxKvKfGAKKRZ6BtuOPE5cD/QKHXmmUY+jyk/i3mUbGpLOW6HBkKLa1tS+Ut3hc3QYzchAlSNWVmGYni+wg=="
      }
    },
    "net10.0/linux-arm": {},
    "net10.0/linux-arm64": {},
    "net10.0/linux-x64": {},
    "net10.0/win-arm64": {},
    "net10.0/win-x64": {}
  }
}