{
  "version": 1,
  "dependencies": {
    "net9.0": {
      "Unfucked": {
        "type": "Direct",
        "requested": "[0.0.1-beta.24, )",
        "resolved": "0.0.1-beta.24",
        "contentHash": "shmZSSVrtJykX52q84advz9dQnhn+E7ZSwL02ducQ0zRmnY4hymCxHkMzbOv9GsR8TisjLIBpMdqHyu8Ns3CGA=="
      },
      "UnionTypes": {
        "type": "Direct",
        "requested": "[1.1.0, )",
        "resolved": "1.1.0",
        "contentHash": "9OEQYxKvKfGAKKRZ6BtuOPE5cD/QKHXmmUY+jyk/i3mUbGpLOW6HBkKLa1tS+Ut3hc3QYzchAlSNWVmGYni+wg=="
      }
    },
    "net9.0/linux-arm": {},
    "net9.0/linux-arm64": {},
    "net9.0/linux-x64": {},
    "net9.0/win-arm64": {},
    "net9.0/win-x64": {}
  }
}